// !$*UTF8*$!
{
	archiveVersion = 1;
	classes = {
	};
	objectVersion = 56;
	objects = {

/* Begin PBXBuildFile section */
		531FFB2F2C453260002BF9B2 /* filemanager_nscache_practiceApp.swift in Sources */ = {isa = PBXBuildFile; fileRef = 531FFB2E2C453260002BF9B2 /* filemanager_nscache_practiceApp.swift */; };
		531FFB312C453260002BF9B2 /* ContentView.swift in Sources */ = {isa = PBXBuildFile; fileRef = 531FFB302C453260002BF9B2 /* ContentView.swift */; };
		531FFB332C453261002BF9B2 /* Assets.xcassets in Resources */ = {isa = PBXBuildFile; fileRef = 531FFB322C453261002BF9B2 /* Assets.xcassets */; };
		531FFB362C453261002BF9B2 /* Preview Assets.xcassets in Resources */ = {isa = PBXBuildFile; fileRef = 531FFB352C453261002BF9B2 /* Preview Assets.xcassets */; };
		531FFB412C453297002BF9B2 /* DownloadingImageBc.swift in Sources */ = {isa = PBXBuildFile; fileRef = 531FFB402C453297002BF9B2 /* DownloadingImageBc.swift */; };
		531FFB432C4532AA002BF9B2 /* DownloadingImageView.swift in Sources */ = {isa = PBXBuildFile; fileRef = 531FFB422C4532AA002BF9B2 /* DownloadingImageView.swift */; };
		531FFB452C4532C0002BF9B2 /* DownloadingImagesRow.swift in Sources */ = {isa = PBXBuildFile; fileRef = 531FFB442C4532C0002BF9B2 /* DownloadingImagesRow.swift */; };
		531FFB492C4532F4002BF9B2 /* DownloadingImageViewModel.swift in Sources */ = {isa = PBXBuildFile; fileRef = 531FFB482C4532F4002BF9B2 /* DownloadingImageViewModel.swift */; };
		531FFB4B2C45330A002BF9B2 /* ImageLoadingViewModel.swift in Sources */ = {isa = PBXBuildFile; fileRef = 531FFB4A2C45330A002BF9B2 /* ImageLoadingViewModel.swift */; };
		531FFB4D2C45331B002BF9B2 /* PhotoModelDataService.swift in Sources */ = {isa = PBXBuildFile; fileRef = 531FFB4C2C45331B002BF9B2 /* PhotoModelDataService.swift */; };
		531FFB4F2C453329002BF9B2 /* PhotoModel.swift in Sources */ = {isa = PBXBuildFile; fileRef = 531FFB4E2C453329002BF9B2 /* PhotoModel.swift */; };
		531FFB512C456916002BF9B2 /* PhotoModelCacheManager.swift in Sources */ = {isa = PBXBuildFile; fileRef = 531FFB502C456916002BF9B2 /* PhotoModelCacheManager.swift */; };
		531FFB532C456A12002BF9B2 /* PhotoModelFileManager.swift in Sources */ = {isa = PBXBuildFile; fileRef = 531FFB522C456A12002BF9B2 /* PhotoModelFileManager.swift */; };
/* End PBXBuildFile section */

/* Begin PBXFileReference section */
		531FFB2B2C453260002BF9B2 /* filemanager_nscache_practice.app */ = {isa = PBXFileReference; explicitFileType = wrapper.application; includeInIndex = 0; path = filemanager_nscache_practice.app; sourceTree = BUILT_PRODUCTS_DIR; };
		531FFB2E2C453260002BF9B2 /* filemanager_nscache_practiceApp.swift */ = {isa = PBXFileReference; lastKnownFileType = sourcecode.swift; path = filemanager_nscache_practiceApp.swift; sourceTree = "<group>"; };
		531FFB302C453260002BF9B2 /* ContentView.swift */ = {isa = PBXFileReference; lastKnownFileType = sourcecode.swift; path = ContentView.swift; sourceTree = "<group>"; };
		531FFB322C453261002BF9B2 /* Assets.xcassets */ = {isa = PBXFileReference; lastKnownFileType = folder.assetcatalog; path = Assets.xcassets; sourceTree = "<group>"; };
		531FFB352C453261002BF9B2 /* Preview Assets.xcassets */ = {isa = PBXFileReference; lastKnownFileType = folder.assetcatalog; path = "Preview Assets.xcassets"; sourceTree = "<group>"; };
		531FFB402C453297002BF9B2 /* DownloadingImageBc.swift */ = {isa = PBXFileReference; lastKnownFileType = sourcecode.swift; path = DownloadingImageBc.swift; sourceTree = "<group>"; };
		531FFB422C4532AA002BF9B2 /* DownloadingImageView.swift */ = {isa = PBXFileReference; lastKnownFileType = sourcecode.swift; path = DownloadingImageView.swift; sourceTree = "<group>"; };
		531FFB442C4532C0002BF9B2 /* DownloadingImagesRow.swift */ = {isa = PBXFileReference; lastKnownFileType = sourcecode.swift; path = DownloadingImagesRow.swift; sourceTree = "<group>"; };
		531FFB482C4532F4002BF9B2 /* DownloadingImageViewModel.swift */ = {isa = PBXFileReference; lastKnownFileType = sourcecode.swift; path = DownloadingImageViewModel.swift; sourceTree = "<group>"; };
		531FFB4A2C45330A002BF9B2 /* ImageLoadingViewModel.swift */ = {isa = PBXFileReference; lastKnownFileType = sourcecode.swift; path = ImageLoadingViewModel.swift; sourceTree = "<group>"; };
		531FFB4C2C45331B002BF9B2 /* PhotoModelDataService.swift */ = {isa = PBXFileReference; lastKnownFileType = sourcecode.swift; path = PhotoModelDataService.swift; sourceTree = "<group>"; };
		531FFB4E2C453329002BF9B2 /* PhotoModel.swift */ = {isa = PBXFileReference; lastKnownFileType = sourcecode.swift; path = PhotoModel.swift; sourceTree = "<group>"; };
		531FFB502C456916002BF9B2 /* PhotoModelCacheManager.swift */ = {isa = PBXFileReference; lastKnownFileType = sourcecode.swift; path = PhotoModelCacheManager.swift; sourceTree = "<group>"; };
		531FFB522C456A12002BF9B2 /* PhotoModelFileManager.swift */ = {isa = PBXFileReference; lastKnownFileType = sourcecode.swift; path = PhotoModelFileManager.swift; sourceTree = "<group>"; };
/* End PBXFileReference section */

/* Begin PBXFrameworksBuildPhase section */
		531FFB282C453260002BF9B2 /* Frameworks */ = {
			isa = PBXFrameworksBuildPhase;
			buildActionMask = 2147483647;
			files = (
			);
			runOnlyForDeploymentPostprocessing = 0;
		};
/* End PBXFrameworksBuildPhase section */

/* Begin PBXGroup section */
		531FFB222C453260002BF9B2 = {
			isa = PBXGroup;
			children = (
				531FFB2D2C453260002BF9B2 /* filemanager_nscache_practice */,
				531FFB2C2C453260002BF9B2 /* Products */,
			);
			sourceTree = "<group>";
		};
		531FFB2C2C453260002BF9B2 /* Products */ = {
			isa = PBXGroup;
			children = (
				531FFB2B2C453260002BF9B2 /* filemanager_nscache_practice.app */,
			);
			name = Products;
			sourceTree = "<group>";
		};
		531FFB2D2C453260002BF9B2 /* filemanager_nscache_practice */ = {
			isa = PBXGroup;
			children = (
				531FFB3F2C45327F002BF9B2 /* View */,
				531FFB3E2C453277002BF9B2 /* ViewModel */,
				531FFB3D2C45326D002BF9B2 /* Utils */,
				531FFB3C2C453268002BF9B2 /* Models */,
				531FFB2E2C453260002BF9B2 /* filemanager_nscache_practiceApp.swift */,
				531FFB302C453260002BF9B2 /* ContentView.swift */,
				531FFB322C453261002BF9B2 /* Assets.xcassets */,
				531FFB342C453261002BF9B2 /* Preview Content */,
			);
			path = filemanager_nscache_practice;
			sourceTree = "<group>";
		};
		531FFB342C453261002BF9B2 /* Preview Content */ = {
			isa = PBXGroup;
			children = (
				531FFB352C453261002BF9B2 /* Preview Assets.xcassets */,
			);
			path = "Preview Content";
			sourceTree = "<group>";
		};
		531FFB3C2C453268002BF9B2 /* Models */ = {
			isa = PBXGroup;
			children = (
				531FFB4E2C453329002BF9B2 /* PhotoModel.swift */,
			);
			path = Models;
			sourceTree = "<group>";
		};
		531FFB3D2C45326D002BF9B2 /* Utils */ = {
			isa = PBXGroup;
			children = (
				531FFB4C2C45331B002BF9B2 /* PhotoModelDataService.swift */,
				531FFB502C456916002BF9B2 /* PhotoModelCacheManager.swift */,
				531FFB522C456A12002BF9B2 /* PhotoModelFileManager.swift */,
			);
			path = Utils;
			sourceTree = "<group>";
		};
		531FFB3E2C453277002BF9B2 /* ViewModel */ = {
			isa = PBXGroup;
			children = (
				531FFB482C4532F4002BF9B2 /* DownloadingImageViewModel.swift */,
				531FFB4A2C45330A002BF9B2 /* ImageLoadingViewModel.swift */,
			);
			path = ViewModel;
			sourceTree = "<group>";
		};
		531FFB3F2C45327F002BF9B2 /* View */ = {
			isa = PBXGroup;
			children = (
				531FFB402C453297002BF9B2 /* DownloadingImageBc.swift */,
				531FFB442C4532C0002BF9B2 /* DownloadingImagesRow.swift */,
				531FFB422C4532AA002BF9B2 /* DownloadingImageView.swift */,
			);
			path = View;
			sourceTree = "<group>";
		};
/* End PBXGroup section */

/* Begin PBXNativeTarget section */
		531FFB2A2C453260002BF9B2 /* filemanager_nscache_practice */ = {
			isa = PBXNativeTarget;
			buildConfigurationList = 531FFB392C453261002BF9B2 /* Build configuration list for PBXNativeTarget "filemanager_nscache_practice" */;
			buildPhases = (
				531FFB272C453260002BF9B2 /* Sources */,
				531FFB282C453260002BF9B2 /* Frameworks */,
				531FFB292C453260002BF9B2 /* Resources */,
			);
			buildRules = (
			);
			dependencies = (
			);
			name = filemanager_nscache_practice;
			productName = filemanager_nscache_practice;
			productReference = 531FFB2B2C453260002BF9B2 /* filemanager_nscache_practice.app */;
			productType = "com.apple.product-type.application";
		};
/* End PBXNativeTarget section */

/* Begin PBXProject section */
		531FFB232C453260002BF9B2 /* Project object */ = {
			isa = PBXProject;
			attributes = {
				BuildIndependentTargetsInParallel = 1;
				LastSwiftUpdateCheck = 1540;
				LastUpgradeCheck = 1540;
				TargetAttributes = {
					531FFB2A2C453260002BF9B2 = {
						CreatedOnToolsVersion = 15.4;
					};
				};
			};
			buildConfigurationList = 531FFB262C453260002BF9B2 /* Build configuration list for PBXProject "filemanager_nscache_practice" */;
			compatibilityVersion = "Xcode 14.0";
			developmentRegion = en;
			hasScannedForEncodings = 0;
			knownRegions = (
				en,
				Base,
			);
			mainGroup = 531FFB222C453260002BF9B2;
			productRefGroup = 531FFB2C2C453260002BF9B2 /* Products */;
			projectDirPath = "";
			projectRoot = "";
			targets = (
				531FFB2A2C453260002BF9B2 /* filemanager_nscache_practice */,
			);
		};
/* End PBXProject section */

/* Begin PBXResourcesBuildPhase section */
		531FFB292C453260002BF9B2 /* Resources */ = {
			isa = PBXResourcesBuildPhase;
			buildActionMask = 2147483647;
			files = (
				531FFB362C453261002BF9B2 /* Preview Assets.xcassets in Resources */,
				531FFB332C453261002BF9B2 /* Assets.xcassets in Resources */,
			);
			runOnlyForDeploymentPostprocessing = 0;
		};
/* End PBXResourcesBuildPhase section */

/* Begin PBXSourcesBuildPhase section */
		531FFB272C453260002BF9B2 /* Sources */ = {
			isa = PBXSourcesBuildPhase;
			buildActionMask = 2147483647;
			files = (
				531FFB4F2C453329002BF9B2 /* PhotoModel.swift in Sources */,
				531FFB532C456A12002BF9B2 /* PhotoModelFileManager.swift in Sources */,
				531FFB312C453260002BF9B2 /* ContentView.swift in Sources */,
				531FFB432C4532AA002BF9B2 /* DownloadingImageView.swift in Sources */,
				531FFB412C453297002BF9B2 /* DownloadingImageBc.swift in Sources */,
				531FFB2F2C453260002BF9B2 /* filemanager_nscache_practiceApp.swift in Sources */,
				531FFB4D2C45331B002BF9B2 /* PhotoModelDataService.swift in Sources */,
				531FFB452C4532C0002BF9B2 /* DownloadingImagesRow.swift in Sources */,
				531FFB512C456916002BF9B2 /* PhotoModelCacheManager.swift in Sources */,
				531FFB4B2C45330A002BF9B2 /* ImageLoadingViewModel.swift in Sources */,
				531FFB492C4532F4002BF9B2 /* DownloadingImageViewModel.swift in Sources */,
			);
			runOnlyForDeploymentPostprocessing = 0;
		};
/* End PBXSourcesBuildPhase section */

/* Begin XCBuildConfiguration section */
		531FFB372C453261002BF9B2 /* Debug */ = {
			isa = XCBuildConfiguration;
			buildSettings = {
				ALWAYS_SEARCH_USER_PATHS = NO;
				ASSETCATALOG_COMPILER_GENERATE_SWIFT_ASSET_SYMBOL_EXTENSIONS = YES;
				CLANG_ANALYZER_NONNULL = YES;
				CLANG_ANALYZER_NUMBER_OBJECT_CONVERSION = YES_AGGRESSIVE;
				CLANG_CXX_LANGUAGE_STANDARD = "gnu++20";
				CLANG_ENABLE_MODULES = YES;
				CLANG_ENABLE_OBJC_ARC = YES;
				CLANG_ENABLE_OBJC_WEAK = YES;
				CLANG_WARN_BLOCK_CAPTURE_AUTORELEASING = YES;
				CLANG_WARN_BOOL_CONVERSION = YES;
				CLANG_WARN_COMMA = YES;
				CLANG_WARN_CONSTANT_CONVERSION = YES;
				CLANG_WARN_DEPRECATED_OBJC_IMPLEMENTATIONS = YES;
				CLANG_WARN_DIRECT_OBJC_ISA_USAGE = YES_ERROR;
				CLANG_WARN_DOCUMENTATION_COMMENTS = YES;
				CLANG_WARN_EMPTY_BODY = YES;
				CLANG_WARN_ENUM_CONVERSION = YES;
				CLANG_WARN_INFINITE_RECURSION = YES;
				CLANG_WARN_INT_CONVERSION = YES;
				CLANG_WARN_NON_LITERAL_NULL_CONVERSION = YES;
				CLANG_WARN_OBJC_IMPLICIT_RETAIN_SELF = YES;
				CLANG_WARN_OBJC_LITERAL_CONVERSION = YES;
				CLANG_WARN_OBJC_ROOT_CLASS = YES_ERROR;
				CLANG_WARN_QUOTED_INCLUDE_IN_FRAMEWORK_HEADER = YES;
				CLANG_WARN_RANGE_LOOP_ANALYSIS = YES;
				CLANG_WARN_STRICT_PROTOTYPES = YES;
				CLANG_WARN_SUSPICIOUS_MOVE = YES;
				CLANG_WARN_UNGUARDED_AVAILABILITY = YES_AGGRESSIVE;
				CLANG_WARN_UNREACHABLE_CODE = YES;
				CLANG_WARN__DUPLICATE_METHOD_MATCH = YES;
				COPY_PHASE_STRIP = NO;
				DEBUG_INFORMATION_FORMAT = dwarf;
				ENABLE_STRICT_OBJC_MSGSEND = YES;
				ENABLE_TESTABILITY = YES;
				ENABLE_USER_SCRIPT_SANDBOXING = YES;
				GCC_C_LANGUAGE_STANDARD = gnu17;
				GCC_DYNAMIC_NO_PIC = NO;
				GCC_NO_COMMON_BLOCKS = YES;
				GCC_OPTIMIZATION_LEVEL = 0;
				GCC_PREPROCESSOR_DEFINITIONS = (
					"DEBUG=1",
					"$(inherited)",
				);
				GCC_WARN_64_TO_32_BIT_CONVERSION = YES;
				GCC_WARN_ABOUT_RETURN_TYPE = YES_ERROR;
				GCC_WARN_UNDECLARED_SELECTOR = YES;
				GCC_WARN_UNINITIALIZED_AUTOS = YES_AGGRESSIVE;
				GCC_WARN_UNUSED_FUNCTION = YES;
				GCC_WARN_UNUSED_VARIABLE = YES;
				IPHONEOS_DEPLOYMENT_TARGET = 17.5;
				LOCALIZATION_PREFERS_STRING_CATALOGS = YES;
				MTL_ENABLE_DEBUG_INFO = INCLUDE_SOURCE;
				MTL_FAST_MATH = YES;
				ONLY_ACTIVE_ARCH = YES;
				SDKROOT = iphoneos;
				SWIFT_ACTIVE_COMPILATION_CONDITIONS = "DEBUG $(inherited)";
				SWIFT_OPTIMIZATION_LEVEL = "-Onone";
			};
			name = Debug;
		};
		531FFB382C453261002BF9B2 /* Release */ = {
			isa = XCBuildConfiguration;
			buildSettings = {
				ALWAYS_SEARCH_USER_PATHS = NO;
				ASSETCATALOG_COMPILER_GENERATE_SWIFT_ASSET_SYMBOL_EXTENSIONS = YES;
				CLANG_ANALYZER_NONNULL = YES;
				CLANG_ANALYZER_NUMBER_OBJECT_CONVERSION = YES_AGGRESSIVE;
				CLANG_CXX_LANGUAGE_STANDARD = "gnu++20";
				CLANG_ENABLE_MODULES = YES;
				CLANG_ENABLE_OBJC_ARC = YES;
				CLANG_ENABLE_OBJC_WEAK = YES;
				CLANG_WARN_BLOCK_CAPTURE_AUTORELEASING = YES;
				CLANG_WARN_BOOL_CONVERSION = YES;
				CLANG_WARN_COMMA = YES;
				CLANG_WARN_CONSTANT_CONVERSION = YES;
				CLANG_WARN_DEPRECATED_OBJC_IMPLEMENTATIONS = YES;
				CLANG_WARN_DIRECT_OBJC_ISA_USAGE = YES_ERROR;
				CLANG_WARN_DOCUMENTATION_COMMENTS = YES;
				CLANG_WARN_EMPTY_BODY = YES;
				CLANG_WARN_ENUM_CONVERSION = YES;
				CLANG_WARN_INFINITE_RECURSION = YES;
				CLANG_WARN_INT_CONVERSION = YES;
				CLANG_WARN_NON_LITERAL_NULL_CONVERSION = YES;
				CLANG_WARN_OBJC_IMPLICIT_RETAIN_SELF = YES;
				CLANG_WARN_OBJC_LITERAL_CONVERSION = YES;
				CLANG_WARN_OBJC_ROOT_CLASS = YES_ERROR;
				CLANG_WARN_QUOTED_INCLUDE_IN_FRAMEWORK_HEADER = YES;
				CLANG_WARN_RANGE_LOOP_ANALYSIS = YES;
				CLANG_WARN_STRICT_PROTOTYPES = YES;
				CLANG_WARN_SUSPICIOUS_MOVE = YES;
				CLANG_WARN_UNGUARDED_AVAILABILITY = YES_AGGRESSIVE;
				CLANG_WARN_UNREACHABLE_CODE = YES;
				CLANG_WARN__DUPLICATE_METHOD_MATCH = YES;
				COPY_PHASE_STRIP = NO;
				DEBUG_INFORMATION_FORMAT = "dwarf-with-dsym";
				ENABLE_NS_ASSERTIONS = NO;
				ENABLE_STRICT_OBJC_MSGSEND = YES;
				ENABLE_USER_SCRIPT_SANDBOXING = YES;
				GCC_C_LANGUAGE_STANDARD = gnu17;
				GCC_NO_COMMON_BLOCKS = YES;
				GCC_WARN_64_TO_32_BIT_CONVERSION = YES;
				GCC_WARN_ABOUT_RETURN_TYPE = YES_ERROR;
				GCC_WARN_UNDECLARED_SELECTOR = YES;
				GCC_WARN_UNINITIALIZED_AUTOS = YES_AGGRESSIVE;
				GCC_WARN_UNUSED_FUNCTION = YES;
				GCC_WARN_UNUSED_VARIABLE = YES;
				IPHONEOS_DEPLOYMENT_TARGET = 17.5;
				LOCALIZATION_PREFERS_STRING_CATALOGS = YES;
				MTL_ENABLE_DEBUG_INFO = NO;
				MTL_FAST_MATH = YES;
				SDKROOT = iphoneos;
				SWIFT_COMPILATION_MODE = wholemodule;
				VALIDATE_PRODUCT = YES;
			};
			name = Release;
		};
		531FFB3A2C453261002BF9B2 /* Debug */ = {
			isa = XCBuildConfiguration;
			buildSettings = {
				ASSETCATALOG_COMPILER_APPICON_NAME = AppIcon;
				ASSETCATALOG_COMPILER_GLOBAL_ACCENT_COLOR_NAME = AccentColor;
				CODE_SIGN_STYLE = Automatic;
				CURRENT_PROJECT_VERSION = 1;
				DEVELOPMENT_ASSET_PATHS = "\"filemanager_nscache_practice/Preview Content\"";
				ENABLE_PREVIEWS = YES;
				GENERATE_INFOPLIST_FILE = YES;
				INFOPLIST_KEY_UIApplicationSceneManifest_Generation = YES;
				INFOPLIST_KEY_UIApplicationSupportsIndirectInputEvents = YES;
				INFOPLIST_KEY_UILaunchScreen_Generation = YES;
				INFOPLIST_KEY_UISupportedInterfaceOrientations_iPad = "UIInterfaceOrientationPortrait UIInterfaceOrientationPortraitUpsideDown UIInterfaceOrientationLandscapeLeft UIInterfaceOrientationLandscapeRight";
				INFOPLIST_KEY_UISupportedInterfaceOrientations_iPhone = "UIInterfaceOrientationPortrait UIInterfaceOrientationLandscapeLeft UIInterfaceOrientationLandscapeRight";
				LD_RUNPATH_SEARCH_PATHS = (
					"$(inherited)",
					"@executable_path/Frameworks",
				);
				MARKETING_VERSION = 1.0;
				PRODUCT_BUNDLE_IDENTIFIER = "com.imdung.filemanager-nscache-practice";
				PRODUCT_NAME = "$(TARGET_NAME)";
				SWIFT_EMIT_LOC_STRINGS = YES;
				SWIFT_VERSION = 5.0;
				TARGETED_DEVICE_FAMILY = "1,2";
			};
			name = Debug;
		};
		531FFB3B2C453261002BF9B2 /* Release */ = {
			isa = XCBuildConfiguration;
			buildSettings = {
				ASSETCATALOG_COMPILER_APPICON_NAME = AppIcon;
				ASSETCATALOG_COMPILER_GLOBAL_ACCENT_COLOR_NAME = AccentColor;
				CODE_SIGN_STYLE = Automatic;
				CURRENT_PROJECT_VERSION = 1;
				DEVELOPMENT_ASSET_PATHS = "\"filemanager_nscache_practice/Preview Content\"";
				ENABLE_PREVIEWS = YES;
				GENERATE_INFOPLIST_FILE = YES;
				INFOPLIST_KEY_UIApplicationSceneManifest_Generation = YES;
				INFOPLIST_KEY_UIApplicationSupportsIndirectInputEvents = YES;
				INFOPLIST_KEY_UILaunchScreen_Generation = YES;
				INFOPLIST_KEY_UISupportedInterfaceOrientations_iPad = "UIInterfaceOrientationPortrait UIInterfaceOrientationPortraitUpsideDown UIInterfaceOrientationLandscapeLeft UIInterfaceOrientationLandscapeRight";
				INFOPLIST_KEY_UISupportedInterfaceOrientations_iPhone = "UIInterfaceOrientationPortrait UIInterfaceOrientationLandscapeLeft UIInterfaceOrientationLandscapeRight";
				LD_RUNPATH_SEARCH_PATHS = (
					"$(inherited)",
					"@executable_path/Frameworks",
				);
				MARKETING_VERSION = 1.0;
				PRODUCT_BUNDLE_IDENTIFIER = "com.imdung.filemanager-nscache-practice";
				PRODUCT_NAME = "$(TARGET_NAME)";
				SWIFT_EMIT_LOC_STRINGS = YES;
				SWIFT_VERSION = 5.0;
				TARGETED_DEVICE_FAMILY = "1,2";
			};
			name = Release;
		};
/* End XCBuildConfiguration section */

/* Begin XCConfigurationList section */
		531FFB262C453260002BF9B2 /* Build configuration list for PBXProject "filemanager_nscache_practice" */ = {
			isa = XCConfigurationList;
			buildConfigurations = (
				531FFB372C453261002BF9B2 /* Debug */,
				531FFB382C453261002BF9B2 /* Release */,
			);
			defaultConfigurationIsVisible = 0;
			defaultConfigurationName = Release;
		};
		531FFB392C453261002BF9B2 /* Build configuration list for PBXNativeTarget "filemanager_nscache_practice" */ = {
			isa = XCConfigurationList;
			buildConfigurations = (
				531FFB3A2C453261002BF9B2 /* Debug */,
				531FFB3B2C453261002BF9B2 /* Release */,
			);
			defaultConfigurationIsVisible = 0;
			defaultConfigurationName = Release;
		};
/* End XCConfigurationList section */
	};
	rootObject = 531FFB232C453260002BF9B2 /* Project object */;
}
